
Microsoft Visual Studio Solution File, Format Version 12.00
# Visual Studio Version 16
VisualStudioVersion = 16.0.33130.400
MinimumVisualStudioVersion = 10.0.40219.1
Project("{FAE04EC0-301F-11D3-BF4B-00C04F79EFBC}") = "prac 11-12", "prac 11-12\prac 11-12.csproj", "{B073F8CE-CE64-4015-B71A-7109CE6D49E2}"
EndProject
Global
	GlobalSection(SolutionConfigurationPlatforms) = preSolution
		Debug|Any CPU = Debug|Any CPU
		Release|Any CPU = Release|Any CPU
	EndGlobalSection
	GlobalSection(ProjectConfigurationPlatforms) = postSolution
		{B073F8CE-CE64-4015-B71A-7109CE6D49E2}.Debug|Any CPU.ActiveCfg = Debug|Any CPU
		{B073F8CE-CE64-4015-B71A-7109CE6D49E2}.Debug|Any CPU.Build.0 = Debug|Any CPU
		{B073F8CE-CE64-4015-B71A-7109CE6D49E2}.Release|Any CPU.ActiveCfg = Release|Any CPU
		{B073F8CE-CE64-4015-B71A-7109CE6D49E2}.Release|Any CPU.Build.0 = Release|Any CPU
	EndGlobalSection
	GlobalSection(SolutionProperties) = preSolution
		HideSolutionNode = FALSE
	EndGlobalSection
	GlobalSection(ExtensibilityGlobals) = postSolution
		SolutionGuid = {3F756DD6-D204-4C40-A9FF-7A1215073924}
	EndGlobalSection
EndGlobal
